<?xml version="1.0" encoding="utf-8"?>
<Project ToolsVersion="4.0" xmlns="http://schemas.microsoft.com/developer/msbuild/2003">
  <ItemGroup>
    <Filter Include="VS">
      <UniqueIdentifier>{62ec66c6-5cae-4d63-82f6-fdab1154e77b}</UniqueIdentifier>
    </Filter>
    <Filter Include="PS">
      <UniqueIdentifier>{9354edba-add6-4085-bfd3-7f6d4e9d51c6}</UniqueIdentifier>
    </Filter>
    <Filter Include="CS">
      <UniqueIdentifier>{ac298105-0276-4af7-b052-fe581d27873d}</UniqueIdentifier>
    </Filter>
    <Filter Include="GS">
      <UniqueIdentifier>{aa4d1d5d-ca2f-475e-b578-f4201cbca299}</UniqueIdentifier>
    </Filter>
  </ItemGroup>
  <ItemGroup>
    <FxCompile Include="$(MSBuildThisFileDirectory)VS.hlsl">
      <Filter>VS</Filter>
    </FxCompile>
    <FxCompile Include="$(MSBuildThisFileDirectory)PS.hlsl">
      <Filter>PS</Filter>
    </FxCompile>
    <FxCompile Include="$(MSBuildThisFileDirectory)SpriteVS.hlsl">
      <Filter>VS</Filter>
    </FxCompile>
    <FxCompile Include="$(MSBuildThisFileDirectory)SpritePS.hlsl">
      <Filter>PS</Filter>
    </FxCompile>
    <FxCompile Include="$(MSBuildThisFileDirectory)UserInterfaceVS.hlsl">
      <Filter>VS</Filter>
    </FxCompile>
    <FxCompile Include="$(MSBuildThisFileDirectory)UserInterfacePS.hlsl">
      <Filter>PS</Filter>
    </FxCompile>
    <FxCompile Include="$(MSBuildThisFileDirectory)GridVS.hlsl">
      <Filter>VS</Filter>
    </FxCompile>
    <FxCompile Include="$(MSBuildThisFileDirectory)GridPS.hlsl">
      <Filter>PS</Filter>
    </FxCompile>
    <FxCompile Include="$(MSBuildThisFileDirectory)FadeInOutVS.hlsl">
      <Filter>VS</Filter>
    </FxCompile>
    <FxCompile Include="$(MSBuildThisFileDirectory)FadeInOutPS.hlsl">
      <Filter>PS</Filter>
    </FxCompile>
    <FxCompile Include="$(MSBuildThisFileDirectory)DebugPS.hlsl">
      <Filter>PS</Filter>
    </FxCompile>
    <FxCompile Include="$(MSBuildThisFileDirectory)DebugVS.hlsl">
      <Filter>VS</Filter>
    </FxCompile>
    <FxCompile Include="$(MSBuildThisFileDirectory)PaintCS.hlsl">
      <Filter>CS</Filter>
    </FxCompile>
    <FxCompile Include="$(MSBuildThisFileDirectory)ParticlePS.hlsl">
      <Filter>PS</Filter>
    </FxCompile>
    <FxCompile Include="$(MSBuildThisFileDirectory)ParticleVS.hlsl">
      <Filter>VS</Filter>
    </FxCompile>
    <FxCompile Include="$(MSBuildThisFileDirectory)ParticleGS.hlsl">
      <Filter>GS</Filter>
    </FxCompile>
    <FxCompile Include="$(MSBuildThisFileDirectory)ParticleCS.hlsl">
      <Filter>CS</Filter>
    </FxCompile>
    <FxCompile Include="$(MSBuildThisFileDirectory)PingPS.hlsl">
      <Filter>PS</Filter>
    </FxCompile>
    <FxCompile Include="$(MSBuildThisFileDirectory)GaugePS.hlsl">
      <Filter>PS</Filter>
    </FxCompile>
  </ItemGroup>
  <ItemGroup>
    <None Include="$(MSBuildThisFileDirectory)globals.hlsli" />
    <None Include="$(MSBuildThisFileDirectory)Light.hlsli" />
    <None Include="$(MSBuildThisFileDirectory)Particle.hlsli" />
    <None Include="$(MSBuildThisFileDirectory)Sampler.hlsli" />
    <None Include="$(MSBuildThisFileDirectory)Resource.hlsli" />
    <None Include="$(MSBuildThisFileDirectory)ConstantBuffer.hlsli" />
    <None Include="$(MSBuildThisFileDirectory)Blur.hlsli" />
  </ItemGroup>
</Project>