<?xml version="1.0" encoding="utf-8"?>
<Project ToolsVersion="4.0" xmlns="http://schemas.microsoft.com/developer/msbuild/2003">
  <ItemGroup>
    <Filter Include="High Level Interface">
      <UniqueIdentifier>{77ca2be0-e8df-43fe-94e2-cd497cf23239}</UniqueIdentifier>
    </Filter>
    <Filter Include="Graphics">
      <UniqueIdentifier>{b775efc9-6709-49c7-8dbd-2cda4d94f7c2}</UniqueIdentifier>
    </Filter>
    <Filter Include="Common">
      <UniqueIdentifier>{f4ce7175-7610-42ae-a43e-d27458445ad2}</UniqueIdentifier>
    </Filter>
    <Filter Include="Common\Math">
      <UniqueIdentifier>{2c83968e-f279-4424-a14c-1a5e56c952df}</UniqueIdentifier>
    </Filter>
    <Filter Include="InputManager">
      <UniqueIdentifier>{1f73ebd6-b5bf-4d51-81b2-4714174abd9e}</UniqueIdentifier>
    </Filter>
    <Filter Include="ResourceManager">
      <UniqueIdentifier>{c687de6f-5b36-4dfe-9d1f-f934a6c893a5}</UniqueIdentifier>
    </Filter>
    <Filter Include="TimeManager">
      <UniqueIdentifier>{fd7b8394-55b4-44e6-964b-335042addaf2}</UniqueIdentifier>
    </Filter>
    <Filter Include="Common\Entity">
      <UniqueIdentifier>{15958a95-deb4-4e85-a3c0-997c8be343ce}</UniqueIdentifier>
    </Filter>
    <Filter Include="GameObject">
      <UniqueIdentifier>{b0526ed5-2817-468d-a35a-8706bd77ff3f}</UniqueIdentifier>
    </Filter>
    <Filter Include="Scene">
      <UniqueIdentifier>{9b415108-fa02-4361-9301-5cf85fb7dbff}</UniqueIdentifier>
    </Filter>
    <Filter Include="Component">
      <UniqueIdentifier>{d6937e8f-cb2b-4e70-94a2-660859f59bf5}</UniqueIdentifier>
    </Filter>
    <Filter Include="ResourceManager\Resource">
      <UniqueIdentifier>{3d57ee96-6f61-4891-84fb-c563d25f6f7b}</UniqueIdentifier>
    </Filter>
    <Filter Include="ResourceManager\Resource\Shader">
      <UniqueIdentifier>{472b8aa6-6da7-47ac-b77d-22a58daccb99}</UniqueIdentifier>
    </Filter>
    <Filter Include="ResourceManager\Resource\Mesh">
      <UniqueIdentifier>{4f1efaeb-0477-4a3b-88f9-1a725254d25b}</UniqueIdentifier>
    </Filter>
    <Filter Include="ResourceManager\Resource\Meterial">
      <UniqueIdentifier>{9cdfe2a0-0a9b-450d-afa2-6f4e5495df3e}</UniqueIdentifier>
    </Filter>
    <Filter Include="ResourceManager\Resource\Texture">
      <UniqueIdentifier>{de4c0102-5e56-4aca-957d-c46e90ef5277}</UniqueIdentifier>
    </Filter>
    <Filter Include="Component\Script">
      <UniqueIdentifier>{bf617062-368d-4742-b921-4c59f48de5a9}</UniqueIdentifier>
    </Filter>
    <Filter Include="Component\Transform">
      <UniqueIdentifier>{139a6a05-46db-446c-a392-8cda2dad6d94}</UniqueIdentifier>
    </Filter>
    <Filter Include="Component\Script\Contents">
      <UniqueIdentifier>{da036296-540b-48a4-b435-1469108cfbeb}</UniqueIdentifier>
    </Filter>
    <Filter Include="Component\Camera">
      <UniqueIdentifier>{92ac6ecc-8e23-4550-a949-a52d1a5073a0}</UniqueIdentifier>
    </Filter>
    <Filter Include="Component\Renderer">
      <UniqueIdentifier>{57ce28ac-55b3-4aa2-83bf-cbf7c686e7fd}</UniqueIdentifier>
    </Filter>
    <Filter Include="Component\Renderer\MeshRenderer">
      <UniqueIdentifier>{71b3b355-bd33-4033-89cf-1ff8d9c27035}</UniqueIdentifier>
    </Filter>
    <Filter Include="Component\Renderer\SpriteRenderer">
      <UniqueIdentifier>{a83b23ea-db53-4b7c-9d00-6fce12810ff5}</UniqueIdentifier>
    </Filter>
    <Filter Include="Graphics\CRenderer">
      <UniqueIdentifier>{b4c6a6d5-02f3-4d76-b836-9ea5de57d11a}</UniqueIdentifier>
    </Filter>
    <Filter Include="Graphics\CBuffer">
      <UniqueIdentifier>{b69d5e04-7372-47c3-a2ae-58a692eb07ea}</UniqueIdentifier>
    </Filter>
    <Filter Include="Scene\Base">
      <UniqueIdentifier>{b12b62a6-dbbe-41f6-a8ae-24a4a95b97da}</UniqueIdentifier>
    </Filter>
    <Filter Include="Scene\Layer">
      <UniqueIdentifier>{b63ae51f-fb45-4a49-8756-41c3c22cd853}</UniqueIdentifier>
    </Filter>
    <Filter Include="Scene\Title">
      <UniqueIdentifier>{344a85bb-7333-46f6-9e1d-186609917923}</UniqueIdentifier>
    </Filter>
    <Filter Include="Scene\Play">
      <UniqueIdentifier>{6a8a25de-d181-4797-ae9f-ff66e636b58d}</UniqueIdentifier>
    </Filter>
    <Filter Include="ResourceManager\Resource\Prefab">
      <UniqueIdentifier>{d364c1a3-a1fe-4928-b9f4-ae1993f211c8}</UniqueIdentifier>
    </Filter>
    <Filter Include="Component\Collider">
      <UniqueIdentifier>{172f6c62-e552-46b1-9ddb-d9eb0fb679fb}</UniqueIdentifier>
    </Filter>
    <Filter Include="Component\Collider\2D">
      <UniqueIdentifier>{de9ac22b-cd15-4c0f-ac73-b0edbacf3835}</UniqueIdentifier>
    </Filter>
    <Filter Include="Component\Collider\3D">
      <UniqueIdentifier>{b3f2d8f1-a525-440e-9ded-943f81f910d4}</UniqueIdentifier>
    </Filter>
    <Filter Include="Component\Collider\CollisionManager">
      <UniqueIdentifier>{f6372125-3003-48f1-95cc-3bb3fdcdc101}</UniqueIdentifier>
    </Filter>
    <Filter Include="Scene\Endding">
      <UniqueIdentifier>{4f8f4121-2f61-4db4-b9b2-bc0ad185ea68}</UniqueIdentifier>
    </Filter>
    <Filter Include="Scene\CharacterSlelect">
      <UniqueIdentifier>{d730a097-d129-4736-ae9f-87feb7136708}</UniqueIdentifier>
    </Filter>
    <Filter Include="Component\Animator">
      <UniqueIdentifier>{1ef1ac80-798a-4d7a-82b8-a07db9857490}</UniqueIdentifier>
    </Filter>
    <Filter Include="Component\Animator\Animation">
      <UniqueIdentifier>{240483f3-f7a5-471a-ba70-b078c5675750}</UniqueIdentifier>
    </Filter>
    <Filter Include="Component\Script\Contents\Monster">
      <UniqueIdentifier>{fa13cf5a-ca24-47f2-810d-4d48d89c3fb0}</UniqueIdentifier>
    </Filter>
    <Filter Include="Component\Script\Contents\Tile">
      <UniqueIdentifier>{88de094b-8ce4-4d6b-b79f-c99c7cf4aca6}</UniqueIdentifier>
    </Filter>
    <Filter Include="Component\Script\Contents\CameraScript">
      <UniqueIdentifier>{123dd523-dc47-4efb-a5cd-86c53a54ae26}</UniqueIdentifier>
    </Filter>
    <Filter Include="Component\Script\Contents\PlayerScript">
      <UniqueIdentifier>{e60f674c-4df8-4884-9444-0ac7e777459c}</UniqueIdentifier>
    </Filter>
    <Filter Include="Component\Script\Contents\GridScript">
      <UniqueIdentifier>{0368b3fc-a0ad-44ef-b99d-124be2c9738b}</UniqueIdentifier>
    </Filter>
    <Filter Include="GameObject\BackGround">
      <UniqueIdentifier>{38e1adc6-06cd-4cbb-860f-2386a877d6d4}</UniqueIdentifier>
    </Filter>
    <Filter Include="Scene\CreateCharacter">
      <UniqueIdentifier>{44e86d1d-20de-4eb5-8fa1-b721b4686de0}</UniqueIdentifier>
    </Filter>
    <Filter Include="GameObject\Player">
      <UniqueIdentifier>{429f8f77-7d5d-42db-b49d-b665d6264d96}</UniqueIdentifier>
    </Filter>
    <Filter Include="Graphics\StructuredBuffer">
      <UniqueIdentifier>{cab8050e-ee15-4a20-adb8-56c6525e439c}</UniqueIdentifier>
    </Filter>
    <Filter Include="Component\Light">
      <UniqueIdentifier>{2107e2f8-1c12-459a-8741-320521680000}</UniqueIdentifier>
    </Filter>
  </ItemGroup>
  <ItemGroup>
    <ClCompile Include="CApplication.cpp">
      <Filter>High Level Interface</Filter>
    </ClCompile>
    <ClCompile Include="CGraphicDevice_DX11.cpp">
      <Filter>Graphics</Filter>
    </ClCompile>
    <ClCompile Include="Math.cpp">
      <Filter>Common\Math</Filter>
    </ClCompile>
    <ClCompile Include="CInput.cpp">
      <Filter>InputManager</Filter>
    </ClCompile>
    <ClCompile Include="CResourceManager.cpp">
      <Filter>ResourceManager</Filter>
    </ClCompile>
    <ClCompile Include="CEntity.cpp">
      <Filter>Common\Entity</Filter>
    </ClCompile>
    <ClCompile Include="CTime.cpp">
      <Filter>TimeManager</Filter>
    </ClCompile>
    <ClCompile Include="CRenderer.cpp">
      <Filter>Graphics\CRenderer</Filter>
    </ClCompile>
    <ClCompile Include="CGameObject.cpp">
      <Filter>GameObject</Filter>
    </ClCompile>
    <ClCompile Include="CSceneManager.cpp">
      <Filter>Scene</Filter>
    </ClCompile>
    <ClCompile Include="CComponent.cpp">
      <Filter>Component</Filter>
    </ClCompile>
    <ClCompile Include="CMesh.cpp">
      <Filter>ResourceManager\Resource\Mesh</Filter>
    </ClCompile>
    <ClCompile Include="CShader.cpp">
      <Filter>ResourceManager\Resource\Shader</Filter>
    </ClCompile>
    <ClCompile Include="CResource.cpp">
      <Filter>ResourceManager\Resource</Filter>
    </ClCompile>
    <ClCompile Include="CMaterial.cpp">
      <Filter>ResourceManager\Resource\Meterial</Filter>
    </ClCompile>
    <ClCompile Include="CTexture2D.cpp">
      <Filter>ResourceManager\Resource\Texture</Filter>
    </ClCompile>
    <ClCompile Include="CScript.cpp">
      <Filter>Component\Script</Filter>
    </ClCompile>
    <ClCompile Include="CMeshRenderer.cpp">
      <Filter>Component\Renderer\MeshRenderer</Filter>
    </ClCompile>
    <ClCompile Include="CTransform.cpp">
      <Filter>Component\Transform</Filter>
    </ClCompile>
    <ClCompile Include="CCamera.cpp">
      <Filter>Component\Camera</Filter>
    </ClCompile>
    <ClCompile Include="CSpriteRenderer.cpp">
      <Filter>Component\Renderer\SpriteRenderer</Filter>
    </ClCompile>
    <ClCompile Include="CBaseRenderer.cpp">
      <Filter>Component\Renderer</Filter>
    </ClCompile>
    <ClCompile Include="CConstantBuffer.cpp">
      <Filter>Graphics\CBuffer</Filter>
    </ClCompile>
    <ClCompile Include="CFadeRenderer.cpp">
      <Filter>Component\Renderer</Filter>
    </ClCompile>
    <ClCompile Include="CScene.cpp">
      <Filter>Scene\Base</Filter>
    </ClCompile>
    <ClCompile Include="CLayer.cpp">
      <Filter>Scene\Layer</Filter>
    </ClCompile>
    <ClCompile Include="CPlayScene.cpp">
      <Filter>Scene\Play</Filter>
    </ClCompile>
    <ClCompile Include="CTitleScene.cpp">
      <Filter>Scene\Title</Filter>
    </ClCompile>
    <ClCompile Include="CPrefab.cpp">
      <Filter>ResourceManager\Resource\Prefab</Filter>
    </ClCompile>
    <ClCompile Include="CCollisionManager.cpp">
      <Filter>Component\Collider\CollisionManager</Filter>
    </ClCompile>
    <ClCompile Include="CCollider3D.cpp">
      <Filter>Component\Collider\3D</Filter>
    </ClCompile>
    <ClCompile Include="CCollider2D.cpp">
      <Filter>Component\Collider\2D</Filter>
    </ClCompile>
    <ClCompile Include="CEnddingScene.cpp">
      <Filter>Scene\Endding</Filter>
    </ClCompile>
    <ClCompile Include="CMonster.cpp">
      <Filter>Component\Script\Contents\Monster</Filter>
    </ClCompile>
    <ClCompile Include="CTile.cpp">
      <Filter>Component\Script\Contents\Tile</Filter>
    </ClCompile>
    <ClCompile Include="CCharacterSelect.cpp">
      <Filter>Scene\CharacterSlelect</Filter>
    </ClCompile>
    <ClCompile Include="CAnimator.cpp">
      <Filter>Component\Animator</Filter>
    </ClCompile>
    <ClCompile Include="CAnimation.cpp">
      <Filter>Component\Animator\Animation</Filter>
    </ClCompile>
    <ClCompile Include="CBackGround.cpp">
      <Filter>GameObject\BackGround</Filter>
    </ClCompile>
    <ClCompile Include="CCameraScript.cpp">
      <Filter>Component\Script\Contents\CameraScript</Filter>
    </ClCompile>
    <ClCompile Include="CPlayerScript.cpp">
      <Filter>Component\Script\Contents\PlayerScript</Filter>
    </ClCompile>
    <ClCompile Include="CGridScript.cpp">
      <Filter>Component\Script\Contents\GridScript</Filter>
    </ClCompile>
    <ClCompile Include="CCreateCharacter.cpp">
      <Filter>Scene\CreateCharacter</Filter>
    </ClCompile>
    <ClCompile Include="CPlayer.cpp">
      <Filter>GameObject\Player</Filter>
    </ClCompile>
    <ClCompile Include="CStructuredBuffer.cpp">
      <Filter>Graphics\StructuredBuffer</Filter>
    </ClCompile>
    <ClCompile Include="CLight.cpp">
      <Filter>Component\Light</Filter>
    </ClCompile>
  </ItemGroup>
  <ItemGroup>
    <ClInclude Include="CApplication.h">
      <Filter>High Level Interface</Filter>
    </ClInclude>
    <ClInclude Include="CGraphicDevice_DX11.h">
      <Filter>Graphics</Filter>
    </ClInclude>
    <ClInclude Include="CommonInclude.h">
      <Filter>Common</Filter>
    </ClInclude>
    <ClInclude Include="Math.h">
      <Filter>Common\Math</Filter>
    </ClInclude>
    <ClInclude Include="CInput.h">
      <Filter>InputManager</Filter>
    </ClInclude>
    <ClInclude Include="CResourceManager.h">
      <Filter>ResourceManager</Filter>
    </ClInclude>
    <ClInclude Include="CEntity.h">
      <Filter>Common\Entity</Filter>
    </ClInclude>
    <ClInclude Include="CTime.h">
      <Filter>TimeManager</Filter>
    </ClInclude>
    <ClInclude Include="def.h">
      <Filter>Common</Filter>
    </ClInclude>
    <ClInclude Include="Graphics.h">
      <Filter>Graphics</Filter>
    </ClInclude>
    <ClInclude Include="CRenderer.h">
      <Filter>Graphics\CRenderer</Filter>
    </ClInclude>
    <ClInclude Include="CEngine.h">
      <Filter>Common</Filter>
    </ClInclude>
    <ClInclude Include="CEnums.h">
      <Filter>Common</Filter>
    </ClInclude>
    <ClInclude Include="CGameObject.h">
      <Filter>GameObject</Filter>
    </ClInclude>
    <ClInclude Include="CSceneManager.h">
      <Filter>Scene</Filter>
    </ClInclude>
    <ClInclude Include="CComponent.h">
      <Filter>Component</Filter>
    </ClInclude>
    <ClInclude Include="CMesh.h">
      <Filter>ResourceManager\Resource\Mesh</Filter>
    </ClInclude>
    <ClInclude Include="CShader.h">
      <Filter>ResourceManager\Resource\Shader</Filter>
    </ClInclude>
    <ClInclude Include="CResource.h">
      <Filter>ResourceManager\Resource</Filter>
    </ClInclude>
    <ClInclude Include="CMaterial.h">
      <Filter>ResourceManager\Resource\Meterial</Filter>
    </ClInclude>
    <ClInclude Include="CTexture2D.h">
      <Filter>ResourceManager\Resource\Texture</Filter>
    </ClInclude>
    <ClInclude Include="CScript.h">
      <Filter>Component\Script</Filter>
    </ClInclude>
    <ClInclude Include="CMeshRenderer.h">
      <Filter>Component\Renderer\MeshRenderer</Filter>
    </ClInclude>
    <ClInclude Include="CTransform.h">
      <Filter>Component\Transform</Filter>
    </ClInclude>
    <ClInclude Include="CCamera.h">
      <Filter>Component\Camera</Filter>
    </ClInclude>
    <ClInclude Include="CSpriteRenderer.h">
      <Filter>Component\Renderer\SpriteRenderer</Filter>
    </ClInclude>
    <ClInclude Include="CBaseRenderer.h">
      <Filter>Component\Renderer</Filter>
    </ClInclude>
    <ClInclude Include="CConstantBuffer.h">
      <Filter>Graphics\CBuffer</Filter>
    </ClInclude>
    <ClInclude Include="CFadeRenderer.h">
      <Filter>Component\Renderer</Filter>
    </ClInclude>
    <ClInclude Include="CObject.h">
      <Filter>GameObject</Filter>
    </ClInclude>
    <ClInclude Include="CScene.h">
      <Filter>Scene\Base</Filter>
    </ClInclude>
    <ClInclude Include="CLayer.h">
      <Filter>Scene\Layer</Filter>
    </ClInclude>
    <ClInclude Include="CPlayScene.h">
      <Filter>Scene\Play</Filter>
    </ClInclude>
    <ClInclude Include="CTitleScene.h">
      <Filter>Scene\Title</Filter>
    </ClInclude>
    <ClInclude Include="CPrefab.h">
      <Filter>ResourceManager\Resource\Prefab</Filter>
    </ClInclude>
    <ClInclude Include="CCollider3D.h">
      <Filter>Component\Collider\3D</Filter>
    </ClInclude>
    <ClInclude Include="CCollisionManager.h">
      <Filter>Component\Collider\CollisionManager</Filter>
    </ClInclude>
    <ClInclude Include="CCollider2D.h">
      <Filter>Component\Collider\2D</Filter>
    </ClInclude>
    <ClInclude Include="CEnddingScene.h">
      <Filter>Scene\Endding</Filter>
    </ClInclude>
    <ClInclude Include="CMonster.h">
      <Filter>Component\Script\Contents\Monster</Filter>
    </ClInclude>
    <ClInclude Include="CTile.h">
      <Filter>Component\Script\Contents\Tile</Filter>
    </ClInclude>
    <ClInclude Include="CCharacterSelect.h">
      <Filter>Scene\CharacterSlelect</Filter>
    </ClInclude>
    <ClInclude Include="CAnimator.h">
      <Filter>Component\Animator</Filter>
    </ClInclude>
    <ClInclude Include="CAnimation.h">
      <Filter>Component\Animator\Animation</Filter>
    </ClInclude>
    <ClInclude Include="CBackGround.h">
      <Filter>GameObject\BackGround</Filter>
    </ClInclude>
    <ClInclude Include="CCameraScript.h">
      <Filter>Component\Script\Contents\CameraScript</Filter>
    </ClInclude>
    <ClInclude Include="CPlayerScript.h">
      <Filter>Component\Script\Contents\PlayerScript</Filter>
    </ClInclude>
    <ClInclude Include="CGridScript.h">
      <Filter>Component\Script\Contents\GridScript</Filter>
    </ClInclude>
    <ClInclude Include="CCreateCharacter.h">
      <Filter>Scene\CreateCharacter</Filter>
    </ClInclude>
    <ClInclude Include="Cplayer.h">
      <Filter>GameObject\Player</Filter>
    </ClInclude>
    <ClInclude Include="CStructuredBuffer.h">
      <Filter>Graphics\StructuredBuffer</Filter>
    </ClInclude>
    <ClInclude Include="CLight.h">
      <Filter>Component\Light</Filter>
    </ClInclude>
  </ItemGroup>
  <ItemGroup>
    <None Include="Math.inl">
      <Filter>Common\Math</Filter>
    </None>
  </ItemGroup>
</Project>