<?xml version="1.0" encoding="utf-8"?>
<Project ToolsVersion="4.0" xmlns="http://schemas.microsoft.com/developer/msbuild/2003">
  <ItemGroup>
    <Filter Include="리소스 파일">
      <UniqueIdentifier>{67DA6AB6-F800-4c08-8B7A-83BB121AAD01}</UniqueIdentifier>
      <Extensions>rc;ico;cur;bmp;dlg;rc2;rct;bin;rgs;gif;jpg;jpeg;jpe;resx;tiff;tif;png;wav;mfcribbon-ms</Extensions>
    </Filter>
    <Filter Include="main">
      <UniqueIdentifier>{42fb56c6-3519-4c6e-9e93-1c49076abe37}</UniqueIdentifier>
    </Filter>
    <Filter Include="ImGui">
      <UniqueIdentifier>{f35d0e64-57d2-47d4-9121-a2ebc07f75b3}</UniqueIdentifier>
    </Filter>
    <Filter Include="GuiEditor">
      <UniqueIdentifier>{5effa216-c21b-4eb9-b69a-895db86a7ea1}</UniqueIdentifier>
    </Filter>
    <Filter Include="GuiEditor\DebugObject">
      <UniqueIdentifier>{b3de12de-bdbc-43fb-863e-480e4dcadd1e}</UniqueIdentifier>
    </Filter>
    <Filter Include="GuiEditor\EditorObject">
      <UniqueIdentifier>{26bbe5f9-0655-4e0f-8109-cf7c9133fb31}</UniqueIdentifier>
    </Filter>
    <Filter Include="GuiEditor\Widget">
      <UniqueIdentifier>{558ef21b-f6a1-481d-b663-8ec6fa2c7b72}</UniqueIdentifier>
    </Filter>
    <Filter Include="GuiEditor\Inspector">
      <UniqueIdentifier>{cb206c06-e9d8-44d5-94f6-762dc311b836}</UniqueIdentifier>
    </Filter>
    <Filter Include="GuiEditor\GuiComponent">
      <UniqueIdentifier>{a1141927-7566-4f04-ad1c-e256d80bcdbe}</UniqueIdentifier>
    </Filter>
    <Filter Include="GuiEditor\GuiGame">
      <UniqueIdentifier>{78e98645-f5c3-435d-b395-d96335affc61}</UniqueIdentifier>
    </Filter>
    <Filter Include="GuiEditor\GuiHierachy">
      <UniqueIdentifier>{843aaf53-1340-4105-a88b-3ff19812831b}</UniqueIdentifier>
    </Filter>
    <Filter Include="GuiEditor\GuiProject">
      <UniqueIdentifier>{2d5bfdb4-67a9-45e3-aaf1-f5bd1562bc23}</UniqueIdentifier>
    </Filter>
    <Filter Include="GuiEditor\GuiComponent\MeshRenderer">
      <UniqueIdentifier>{1fba5917-dc59-4746-811d-e5d45592ac74}</UniqueIdentifier>
    </Filter>
    <Filter Include="GuiEditor\GuiComponent\Transform">
      <UniqueIdentifier>{911cbf9e-e077-4780-9aa7-e4944ee0cae7}</UniqueIdentifier>
    </Filter>
    <Filter Include="GuiEditor\Consol">
      <UniqueIdentifier>{8cdf0d23-962d-4880-b5c6-4ed5f79b0396}</UniqueIdentifier>
    </Filter>
    <Filter Include="GuiEditor\TreeWidget">
      <UniqueIdentifier>{7c6a5949-a841-411d-a303-c92e9e07e991}</UniqueIdentifier>
    </Filter>
    <Filter Include="GuiEditor\ListWidget">
      <UniqueIdentifier>{cba2ff26-88c1-451b-b80f-16b2b60bf3e4}</UniqueIdentifier>
    </Filter>
    <Filter Include="GuiEditor\Mesh">
      <UniqueIdentifier>{a8471a7e-5be5-4133-bfc5-381f0d075428}</UniqueIdentifier>
    </Filter>
    <Filter Include="GuiEditor\Material">
      <UniqueIdentifier>{ed4710c1-6c6f-4314-b375-ffb7e50d8343}</UniqueIdentifier>
    </Filter>
    <Filter Include="GuiEditor\Texture">
      <UniqueIdentifier>{b4dc7651-41cc-49fa-aa49-ec766774b435}</UniqueIdentifier>
    </Filter>
    <Filter Include="GuiEditor\Resource">
      <UniqueIdentifier>{cf9ed427-2074-454a-afae-57ee3b376401}</UniqueIdentifier>
    </Filter>
  </ItemGroup>
  <ItemGroup>
    <ClInclude Include="targetver.h" />
    <ClInclude Include="Resource.h" />
    <ClInclude Include="framework.h" />
    <ClInclude Include="Dx11_Engine.h" />
    <ClInclude Include="GuiEditor.h">
      <Filter>GuiEditor</Filter>
    </ClInclude>
    <ClInclude Include="GuiDebugObject.h">
      <Filter>GuiEditor\DebugObject</Filter>
    </ClInclude>
    <ClInclude Include="GuiEditorObject.h">
      <Filter>GuiEditor\EditorObject</Filter>
    </ClInclude>
    <ClInclude Include="GuiWidget.h">
      <Filter>GuiEditor\Widget</Filter>
    </ClInclude>
    <ClInclude Include="GuiBaseEditor.h">
      <Filter>GuiEditor</Filter>
    </ClInclude>
    <ClInclude Include="imconfig.h">
      <Filter>ImGui</Filter>
    </ClInclude>
    <ClInclude Include="imgui.h">
      <Filter>ImGui</Filter>
    </ClInclude>
    <ClInclude Include="imgui_impl_dx11.h">
      <Filter>ImGui</Filter>
    </ClInclude>
    <ClInclude Include="imgui_impl_win32.h">
      <Filter>ImGui</Filter>
    </ClInclude>
    <ClInclude Include="imgui_internal.h">
      <Filter>ImGui</Filter>
    </ClInclude>
    <ClInclude Include="imstb_rectpack.h">
      <Filter>ImGui</Filter>
    </ClInclude>
    <ClInclude Include="imstb_textedit.h">
      <Filter>ImGui</Filter>
    </ClInclude>
    <ClInclude Include="imstb_truetype.h">
      <Filter>ImGui</Filter>
    </ClInclude>
    <ClInclude Include="GuiInspector.h">
      <Filter>GuiEditor\Inspector</Filter>
    </ClInclude>
    <ClInclude Include="GuiGame.h">
      <Filter>GuiEditor\GuiGame</Filter>
    </ClInclude>
    <ClInclude Include="GuiHierachy.h">
      <Filter>GuiEditor\GuiHierachy</Filter>
    </ClInclude>
    <ClInclude Include="GuiProject.h">
      <Filter>GuiEditor\GuiProject</Filter>
    </ClInclude>
    <ClInclude Include="GuiComponent.h">
      <Filter>GuiEditor\GuiComponent</Filter>
    </ClInclude>
    <ClInclude Include="GuiMeshRenderer.h">
      <Filter>GuiEditor\GuiComponent\MeshRenderer</Filter>
    </ClInclude>
    <ClInclude Include="GuiTransform.h">
      <Filter>GuiEditor\GuiComponent\Transform</Filter>
    </ClInclude>
    <ClInclude Include="GuiConsol.h">
      <Filter>GuiEditor\Consol</Filter>
    </ClInclude>
    <ClInclude Include="GuiDockEditor.h">
      <Filter>GuiEditor</Filter>
    </ClInclude>
    <ClInclude Include="GuiTreeWidget.h">
      <Filter>GuiEditor\TreeWidget</Filter>
    </ClInclude>
    <ClInclude Include="GuiListWidget.h">
      <Filter>GuiEditor\ListWidget</Filter>
    </ClInclude>
    <ClInclude Include="GuiResource.h">
      <Filter>GuiEditor\Resource</Filter>
    </ClInclude>
    <ClInclude Include="GuiTexture2D.h">
      <Filter>GuiEditor\Texture</Filter>
    </ClInclude>
    <ClInclude Include="GuiMesh.h">
      <Filter>GuiEditor\Mesh</Filter>
    </ClInclude>
    <ClInclude Include="GuiMaterial.h">
      <Filter>GuiEditor\Material</Filter>
    </ClInclude>
  </ItemGroup>
  <ItemGroup>
    <ResourceCompile Include="Dx11_Engine.rc">
      <Filter>리소스 파일</Filter>
    </ResourceCompile>
  </ItemGroup>
  <ItemGroup>
    <Image Include="small.ico">
      <Filter>리소스 파일</Filter>
    </Image>
    <Image Include="Dx11_Engine.ico">
      <Filter>리소스 파일</Filter>
    </Image>
    <Image Include="C:\Users\tjsdn\OneDrive\바탕 화면\2.png">
      <Filter>리소스 파일</Filter>
    </Image>
  </ItemGroup>
  <ItemGroup>
    <ClCompile Include="main.cpp">
      <Filter>main</Filter>
    </ClCompile>
    <ClCompile Include="GuiEditor.cpp">
      <Filter>GuiEditor</Filter>
    </ClCompile>
    <ClCompile Include="GuiDebugObject.cpp">
      <Filter>GuiEditor\DebugObject</Filter>
    </ClCompile>
    <ClCompile Include="GuiEditorObject.cpp">
      <Filter>GuiEditor\EditorObject</Filter>
    </ClCompile>
    <ClCompile Include="GuiWidget.cpp">
      <Filter>GuiEditor\Widget</Filter>
    </ClCompile>
    <ClCompile Include="GuiBaseEditor.cpp">
      <Filter>GuiEditor</Filter>
    </ClCompile>
    <ClCompile Include="imgui.cpp">
      <Filter>ImGui</Filter>
    </ClCompile>
    <ClCompile Include="imgui_demo.cpp">
      <Filter>ImGui</Filter>
    </ClCompile>
    <ClCompile Include="imgui_draw.cpp">
      <Filter>ImGui</Filter>
    </ClCompile>
    <ClCompile Include="imgui_impl_dx11.cpp">
      <Filter>ImGui</Filter>
    </ClCompile>
    <ClCompile Include="imgui_impl_win32.cpp">
      <Filter>ImGui</Filter>
    </ClCompile>
    <ClCompile Include="imgui_tables.cpp">
      <Filter>ImGui</Filter>
    </ClCompile>
    <ClCompile Include="imgui_widgets.cpp">
      <Filter>ImGui</Filter>
    </ClCompile>
    <ClCompile Include="GuiInspector.cpp">
      <Filter>GuiEditor\Inspector</Filter>
    </ClCompile>
    <ClCompile Include="GuiGame.cpp">
      <Filter>GuiEditor\GuiGame</Filter>
    </ClCompile>
    <ClCompile Include="GuiHierachy.cpp">
      <Filter>GuiEditor\GuiHierachy</Filter>
    </ClCompile>
    <ClCompile Include="GuiProject.cpp">
      <Filter>GuiEditor\GuiProject</Filter>
    </ClCompile>
    <ClCompile Include="GuiComponent.cpp">
      <Filter>GuiEditor\GuiComponent</Filter>
    </ClCompile>
    <ClCompile Include="GuiMeshRenderer.cpp">
      <Filter>GuiEditor\GuiComponent\MeshRenderer</Filter>
    </ClCompile>
    <ClCompile Include="GuiTransform.cpp">
      <Filter>GuiEditor\GuiComponent\Transform</Filter>
    </ClCompile>
    <ClCompile Include="GuiConsol.cpp">
      <Filter>GuiEditor\Consol</Filter>
    </ClCompile>
    <ClCompile Include="GuiDockEditor.cpp">
      <Filter>GuiEditor</Filter>
    </ClCompile>
    <ClCompile Include="GuiTreeWidget.cpp">
      <Filter>GuiEditor\TreeWidget</Filter>
    </ClCompile>
    <ClCompile Include="GuiListWidget.cpp">
      <Filter>GuiEditor\ListWidget</Filter>
    </ClCompile>
    <ClCompile Include="GuiResource.cpp">
      <Filter>GuiEditor\Resource</Filter>
    </ClCompile>
    <ClCompile Include="GuiTexture2D.cpp">
      <Filter>GuiEditor\Texture</Filter>
    </ClCompile>
    <ClCompile Include="GuiMesh.cpp">
      <Filter>GuiEditor\Mesh</Filter>
    </ClCompile>
    <ClCompile Include="GuiMaterial.cpp">
      <Filter>GuiEditor\Material</Filter>
    </ClCompile>
  </ItemGroup>
  <ItemGroup>
    <None Include="C:\Users\tjsdn\OneDrive\바탕 화면\0.cur">
      <Filter>리소스 파일</Filter>
    </None>
    <None Include="POINTER.cur">
      <Filter>리소스 파일</Filter>
    </None>
    <None Include="cursor1.cur">
      <Filter>리소스 파일</Filter>
    </None>
    <None Include="..\0.cur">
      <Filter>리소스 파일</Filter>
    </None>
    <None Include="..\cursor1.cur">
      <Filter>리소스 파일</Filter>
    </None>
    <None Include="Dx11_Engine\0.cur">
      <Filter>리소스 파일</Filter>
    </None>
  </ItemGroup>
</Project>